// !$*UTF8*$!
{
	archiveVersion = 1;
	classes = {
	};
	objectVersion = 51;
	objects = {

/* Begin PBXBuildFile section */
		6319D56325FD071400CB2DD1 /* BarCollectionViewCell.swift in Sources */ = {isa = PBXBuildFile; fileRef = 6319D56225FD071400CB2DD1 /* BarCollectionViewCell.swift */; };
		6319D56625FD0BAD00CB2DD1 /* FavCollectionViewCell.swift in Sources */ = {isa = PBXBuildFile; fileRef = 6319D56525FD0BAD00CB2DD1 /* FavCollectionViewCell.swift */; };
		632F83AF25FF6B4B004D9A42 /* AlertIngredientViewController.swift in Sources */ = {isa = PBXBuildFile; fileRef = 632F83AE25FF6B4B004D9A42 /* AlertIngredientViewController.swift */; };
		633325B925F83944001B399F /* Ingredient.swift in Sources */ = {isa = PBXBuildFile; fileRef = 633325B825F83943001B399F /* Ingredient.swift */; };
		633325BE25F839A4001B399F /* Cocktail.swift in Sources */ = {isa = PBXBuildFile; fileRef = 633325BD25F839A4001B399F /* Cocktail.swift */; };
		633325C425F8FF58001B399F /* IngrCollectionViewCell.swift in Sources */ = {isa = PBXBuildFile; fileRef = 633325C325F8FF58001B399F /* IngrCollectionViewCell.swift */; };
		633325D525F922D2001B399F /* BuyListViewController.swift in Sources */ = {isa = PBXBuildFile; fileRef = 633325D425F922D2001B399F /* BuyListViewController.swift */; };
		633325DE25F92917001B399F /* ItemCollectionViewCell.swift in Sources */ = {isa = PBXBuildFile; fileRef = 633325DD25F92917001B399F /* ItemCollectionViewCell.swift */; };
		6340B68F25F152BC006F7672 /* AppDelegate.swift in Sources */ = {isa = PBXBuildFile; fileRef = 6340B68E25F152BC006F7672 /* AppDelegate.swift */; };
		6340B69125F152BC006F7672 /* SceneDelegate.swift in Sources */ = {isa = PBXBuildFile; fileRef = 6340B69025F152BC006F7672 /* SceneDelegate.swift */; };
		6340B69625F152BC006F7672 /* Main.storyboard in Resources */ = {isa = PBXBuildFile; fileRef = 6340B69425F152BC006F7672 /* Main.storyboard */; };
		6340B69825F152BF006F7672 /* Assets.xcassets in Resources */ = {isa = PBXBuildFile; fileRef = 6340B69725F152BF006F7672 /* Assets.xcassets */; };
		6340B69B25F152BF006F7672 /* LaunchScreen.storyboard in Resources */ = {isa = PBXBuildFile; fileRef = 6340B69925F152BF006F7672 /* LaunchScreen.storyboard */; };
		634F5D122602870A00EFECD9 /* CategoryViewController.swift in Sources */ = {isa = PBXBuildFile; fileRef = 634F5D112602870A00EFECD9 /* CategoryViewController.swift */; };
		634F5D1C26028ABC00EFECD9 /* ReviewCategoryViewController.swift in Sources */ = {isa = PBXBuildFile; fileRef = 634F5D1B26028ABC00EFECD9 /* ReviewCategoryViewController.swift */; };
		634F5D1F26028AED00EFECD9 /* ListItemCollectionViewCell.swift in Sources */ = {isa = PBXBuildFile; fileRef = 634F5D1E26028AED00EFECD9 /* ListItemCollectionViewCell.swift */; };
		636C272325FCE9CD009C9DA3 /* BarViewController.swift in Sources */ = {isa = PBXBuildFile; fileRef = 636C272225FCE9CD009C9DA3 /* BarViewController.swift */; };
		637F1EFD27514BEA00DCB21F /* CategoryCollectionViewCell.swift in Sources */ = {isa = PBXBuildFile; fileRef = 637F1EFC27514BEA00DCB21F /* CategoryCollectionViewCell.swift */; };
		637F1EFF2751506500DCB21F /* IngredientCollectionViewCell.swift in Sources */ = {isa = PBXBuildFile; fileRef = 637F1EFE2751506500DCB21F /* IngredientCollectionViewCell.swift */; };
		637F1F01275192B200DCB21F /* CategoryModel.swift in Sources */ = {isa = PBXBuildFile; fileRef = 637F1F00275192B200DCB21F /* CategoryModel.swift */; };
		63909F822607AB7000E3956B /* ShortFavCollectionViewCell.swift in Sources */ = {isa = PBXBuildFile; fileRef = 63909F812607AB7000E3956B /* ShortFavCollectionViewCell.swift */; };
		63909F852607ACFB00E3956B /* FavModel.swift in Sources */ = {isa = PBXBuildFile; fileRef = 63909F842607ACFB00E3956B /* FavModel.swift */; };
		63909F882607B20200E3956B /* SettingsFavViewController.swift in Sources */ = {isa = PBXBuildFile; fileRef = 63909F872607B20200E3956B /* SettingsFavViewController.swift */; };
		639DDDEC25F2870C0010CA4A /* SwipeViewController.swift in Sources */ = {isa = PBXBuildFile; fileRef = 639DDDEB25F2870C0010CA4A /* SwipeViewController.swift */; };
		639DDDF425F289D00010CA4A /* Extensions.swift in Sources */ = {isa = PBXBuildFile; fileRef = 639DDDF325F289D00010CA4A /* Extensions.swift */; };
		63A0FC6325FA8F4A00E89B32 /* dataModel.xcdatamodeld in Sources */ = {isa = PBXBuildFile; fileRef = 63A0FC6125FA8F4A00E89B32 /* dataModel.xcdatamodeld */; };
		63BB121325FB971B0079F279 /* CocktailViewController.swift in Sources */ = {isa = PBXBuildFile; fileRef = 63BB121225FB971B0079F279 /* CocktailViewController.swift */; };
		63BB121625FB972A0079F279 /* CocktailModel.swift in Sources */ = {isa = PBXBuildFile; fileRef = 63BB121525FB972A0079F279 /* CocktailModel.swift */; };
		63D74B1425F2D49B00503326 /* FavViewController.swift in Sources */ = {isa = PBXBuildFile; fileRef = 63D74B1325F2D49B00503326 /* FavViewController.swift */; };
		63F4BEE1274D853800E90F93 /* NetworkService.swift in Sources */ = {isa = PBXBuildFile; fileRef = 63F4BEE0274D853800E90F93 /* NetworkService.swift */; };
		63F4BEE4274D85EA00E90F93 /* Factory.swift in Sources */ = {isa = PBXBuildFile; fileRef = 63F4BEE3274D85EA00E90F93 /* Factory.swift */; };
		63F4BEE7274D8CA600E90F93 /* SwipeModel.swift in Sources */ = {isa = PBXBuildFile; fileRef = 63F4BEE6274D8CA600E90F93 /* SwipeModel.swift */; };
		63F4BEE9274E7EE900E90F93 /* CoreDataService.swift in Sources */ = {isa = PBXBuildFile; fileRef = 63F4BEE8274E7EE900E90F93 /* CoreDataService.swift */; };
		63F4BEEB274E81A100E90F93 /* DataService.swift in Sources */ = {isa = PBXBuildFile; fileRef = 63F4BEEA274E81A100E90F93 /* DataService.swift */; };
		63F4BEED274EADAD00E90F93 /* Category.swift in Sources */ = {isa = PBXBuildFile; fileRef = 63F4BEEC274EADAD00E90F93 /* Category.swift */; };
		63F4BEEF274ECA4900E90F93 /* UIUserService.swift in Sources */ = {isa = PBXBuildFile; fileRef = 63F4BEEE274ECA4900E90F93 /* UIUserService.swift */; };
		63F4BEF1274EDE1400E90F93 /* BuyListModel.swift in Sources */ = {isa = PBXBuildFile; fileRef = 63F4BEF0274EDE1300E90F93 /* BuyListModel.swift */; };
		63FC0D9D2603E8E200ADAF67 /* SearchViewController.swift in Sources */ = {isa = PBXBuildFile; fileRef = 63FC0D9C2603E8E200ADAF67 /* SearchViewController.swift */; };
		63FC0DA02603E8EC00ADAF67 /* SearchModel.swift in Sources */ = {isa = PBXBuildFile; fileRef = 63FC0D9F2603E8EC00ADAF67 /* SearchModel.swift */; };
		63FC0DA52603FF8100ADAF67 /* ItemSearchCollectionViewCell.swift in Sources */ = {isa = PBXBuildFile; fileRef = 63FC0DA42603FF8100ADAF67 /* ItemSearchCollectionViewCell.swift */; };
		C15205C9755D6D7AA238D2D2 /* Pods_CoctailTinder.framework in Frameworks */ = {isa = PBXBuildFile; fileRef = D71595DBF42E90CF5E0F9ED1 /* Pods_CoctailTinder.framework */; };
/* End PBXBuildFile section */

/* Begin PBXFileReference section */
		6319D56225FD071400CB2DD1 /* BarCollectionViewCell.swift */ = {isa = PBXFileReference; lastKnownFileType = sourcecode.swift; path = BarCollectionViewCell.swift; sourceTree = "<group>"; };
		6319D56525FD0BAD00CB2DD1 /* FavCollectionViewCell.swift */ = {isa = PBXFileReference; lastKnownFileType = sourcecode.swift; path = FavCollectionViewCell.swift; sourceTree = "<group>"; };
		632F83AE25FF6B4B004D9A42 /* AlertIngredientViewController.swift */ = {isa = PBXFileReference; lastKnownFileType = sourcecode.swift; path = AlertIngredientViewController.swift; sourceTree = "<group>"; };
		633325B825F83943001B399F /* Ingredient.swift */ = {isa = PBXFileReference; lastKnownFileType = sourcecode.swift; path = Ingredient.swift; sourceTree = "<group>"; };
		633325BD25F839A4001B399F /* Cocktail.swift */ = {isa = PBXFileReference; lastKnownFileType = sourcecode.swift; path = Cocktail.swift; sourceTree = "<group>"; };
		633325C325F8FF58001B399F /* IngrCollectionViewCell.swift */ = {isa = PBXFileReference; lastKnownFileType = sourcecode.swift; path = IngrCollectionViewCell.swift; sourceTree = "<group>"; };
		633325D425F922D2001B399F /* BuyListViewController.swift */ = {isa = PBXFileReference; lastKnownFileType = sourcecode.swift; path = BuyListViewController.swift; sourceTree = "<group>"; };
		633325DD25F92917001B399F /* ItemCollectionViewCell.swift */ = {isa = PBXFileReference; lastKnownFileType = sourcecode.swift; path = ItemCollectionViewCell.swift; sourceTree = "<group>"; };
		6340B68B25F152BC006F7672 /* CoctailTinder.app */ = {isa = PBXFileReference; explicitFileType = wrapper.application; includeInIndex = 0; path = CoctailTinder.app; sourceTree = BUILT_PRODUCTS_DIR; };
		6340B68E25F152BC006F7672 /* AppDelegate.swift */ = {isa = PBXFileReference; lastKnownFileType = sourcecode.swift; path = AppDelegate.swift; sourceTree = "<group>"; };
		6340B69025F152BC006F7672 /* SceneDelegate.swift */ = {isa = PBXFileReference; lastKnownFileType = sourcecode.swift; path = SceneDelegate.swift; sourceTree = "<group>"; };
		6340B69525F152BC006F7672 /* Base */ = {isa = PBXFileReference; lastKnownFileType = file.storyboard; name = Base; path = Base.lproj/Main.storyboard; sourceTree = "<group>"; };
		6340B69725F152BF006F7672 /* Assets.xcassets */ = {isa = PBXFileReference; lastKnownFileType = folder.assetcatalog; path = Assets.xcassets; sourceTree = "<group>"; };
		6340B69A25F152BF006F7672 /* Base */ = {isa = PBXFileReference; lastKnownFileType = file.storyboard; name = Base; path = Base.lproj/LaunchScreen.storyboard; sourceTree = "<group>"; };
		6340B69C25F152BF006F7672 /* Info.plist */ = {isa = PBXFileReference; lastKnownFileType = text.plist.xml; path = Info.plist; sourceTree = "<group>"; };
		634F5D112602870A00EFECD9 /* CategoryViewController.swift */ = {isa = PBXFileReference; lastKnownFileType = sourcecode.swift; path = CategoryViewController.swift; sourceTree = "<group>"; };
		634F5D1B26028ABC00EFECD9 /* ReviewCategoryViewController.swift */ = {isa = PBXFileReference; lastKnownFileType = sourcecode.swift; path = ReviewCategoryViewController.swift; sourceTree = "<group>"; };
		634F5D1E26028AED00EFECD9 /* ListItemCollectionViewCell.swift */ = {isa = PBXFileReference; lastKnownFileType = sourcecode.swift; path = ListItemCollectionViewCell.swift; sourceTree = "<group>"; };
		636C272225FCE9CD009C9DA3 /* BarViewController.swift */ = {isa = PBXFileReference; lastKnownFileType = sourcecode.swift; path = BarViewController.swift; sourceTree = "<group>"; };
		637F1EFC27514BEA00DCB21F /* CategoryCollectionViewCell.swift */ = {isa = PBXFileReference; lastKnownFileType = sourcecode.swift; path = CategoryCollectionViewCell.swift; sourceTree = "<group>"; };
		637F1EFE2751506500DCB21F /* IngredientCollectionViewCell.swift */ = {isa = PBXFileReference; lastKnownFileType = sourcecode.swift; path = IngredientCollectionViewCell.swift; sourceTree = "<group>"; };
		637F1F00275192B200DCB21F /* CategoryModel.swift */ = {isa = PBXFileReference; lastKnownFileType = sourcecode.swift; path = CategoryModel.swift; sourceTree = "<group>"; };
		63909F812607AB7000E3956B /* ShortFavCollectionViewCell.swift */ = {isa = PBXFileReference; lastKnownFileType = sourcecode.swift; path = ShortFavCollectionViewCell.swift; sourceTree = "<group>"; };
		63909F842607ACFB00E3956B /* FavModel.swift */ = {isa = PBXFileReference; lastKnownFileType = sourcecode.swift; path = FavModel.swift; sourceTree = "<group>"; };
		63909F872607B20200E3956B /* SettingsFavViewController.swift */ = {isa = PBXFileReference; lastKnownFileType = sourcecode.swift; path = SettingsFavViewController.swift; sourceTree = "<group>"; };
		639DDDEB25F2870C0010CA4A /* SwipeViewController.swift */ = {isa = PBXFileReference; lastKnownFileType = sourcecode.swift; path = SwipeViewController.swift; sourceTree = "<group>"; };
		639DDDF325F289D00010CA4A /* Extensions.swift */ = {isa = PBXFileReference; lastKnownFileType = sourcecode.swift; path = Extensions.swift; sourceTree = "<group>"; };
		63A0FC6225FA8F4A00E89B32 /* dataModel.xcdatamodel */ = {isa = PBXFileReference; lastKnownFileType = wrapper.xcdatamodel; path = dataModel.xcdatamodel; sourceTree = "<group>"; };
		63BB121225FB971B0079F279 /* CocktailViewController.swift */ = {isa = PBXFileReference; lastKnownFileType = sourcecode.swift; path = CocktailViewController.swift; sourceTree = "<group>"; };
		63BB121525FB972A0079F279 /* CocktailModel.swift */ = {isa = PBXFileReference; lastKnownFileType = sourcecode.swift; path = CocktailModel.swift; sourceTree = "<group>"; };
		63D74B1325F2D49B00503326 /* FavViewController.swift */ = {isa = PBXFileReference; lastKnownFileType = sourcecode.swift; path = FavViewController.swift; sourceTree = "<group>"; };
		63F4BEE0274D853800E90F93 /* NetworkService.swift */ = {isa = PBXFileReference; lastKnownFileType = sourcecode.swift; path = NetworkService.swift; sourceTree = "<group>"; };
		63F4BEE3274D85EA00E90F93 /* Factory.swift */ = {isa = PBXFileReference; lastKnownFileType = sourcecode.swift; path = Factory.swift; sourceTree = "<group>"; };
		63F4BEE6274D8CA600E90F93 /* SwipeModel.swift */ = {isa = PBXFileReference; lastKnownFileType = sourcecode.swift; path = SwipeModel.swift; sourceTree = "<group>"; };
		63F4BEE8274E7EE900E90F93 /* CoreDataService.swift */ = {isa = PBXFileReference; lastKnownFileType = sourcecode.swift; path = CoreDataService.swift; sourceTree = "<group>"; };
		63F4BEEA274E81A100E90F93 /* DataService.swift */ = {isa = PBXFileReference; lastKnownFileType = sourcecode.swift; path = DataService.swift; sourceTree = "<group>"; };
		63F4BEEC274EADAD00E90F93 /* Category.swift */ = {isa = PBXFileReference; lastKnownFileType = sourcecode.swift; path = Category.swift; sourceTree = "<group>"; };
		63F4BEEE274ECA4900E90F93 /* UIUserService.swift */ = {isa = PBXFileReference; lastKnownFileType = sourcecode.swift; path = UIUserService.swift; sourceTree = "<group>"; };
		63F4BEF0274EDE1300E90F93 /* BuyListModel.swift */ = {isa = PBXFileReference; lastKnownFileType = sourcecode.swift; path = BuyListModel.swift; sourceTree = "<group>"; };
		63FC0D9C2603E8E200ADAF67 /* SearchViewController.swift */ = {isa = PBXFileReference; lastKnownFileType = sourcecode.swift; path = SearchViewController.swift; sourceTree = "<group>"; };
		63FC0D9F2603E8EC00ADAF67 /* SearchModel.swift */ = {isa = PBXFileReference; lastKnownFileType = sourcecode.swift; path = SearchModel.swift; sourceTree = "<group>"; };
		63FC0DA42603FF8100ADAF67 /* ItemSearchCollectionViewCell.swift */ = {isa = PBXFileReference; lastKnownFileType = sourcecode.swift; path = ItemSearchCollectionViewCell.swift; sourceTree = "<group>"; };
		9F2F2B1DD27F3ED1E8BD16B2 /* Pods-CoctailTinder.release.xcconfig */ = {isa = PBXFileReference; includeInIndex = 1; lastKnownFileType = text.xcconfig; name = "Pods-CoctailTinder.release.xcconfig"; path = "Target Support Files/Pods-CoctailTinder/Pods-CoctailTinder.release.xcconfig"; sourceTree = "<group>"; };
		D71595DBF42E90CF5E0F9ED1 /* Pods_CoctailTinder.framework */ = {isa = PBXFileReference; explicitFileType = wrapper.framework; includeInIndex = 0; path = Pods_CoctailTinder.framework; sourceTree = BUILT_PRODUCTS_DIR; };
		E8BADE432189863B61DCED0B /* Pods-CoctailTinder.debug.xcconfig */ = {isa = PBXFileReference; includeInIndex = 1; lastKnownFileType = text.xcconfig; name = "Pods-CoctailTinder.debug.xcconfig"; path = "Target Support Files/Pods-CoctailTinder/Pods-CoctailTinder.debug.xcconfig"; sourceTree = "<group>"; };
/* End PBXFileReference section */

/* Begin PBXFrameworksBuildPhase section */
		6340B68825F152BC006F7672 /* Frameworks */ = {
			isa = PBXFrameworksBuildPhase;
			buildActionMask = 2147483647;
			files = (
				C15205C9755D6D7AA238D2D2 /* Pods_CoctailTinder.framework in Frameworks */,
			);
			runOnlyForDeploymentPostprocessing = 0;
		};
/* End PBXFrameworksBuildPhase section */

/* Begin PBXGroup section */
		3D694A01982DCA5B9D2D65DF /* Frameworks */ = {
			isa = PBXGroup;
			children = (
				D71595DBF42E90CF5E0F9ED1 /* Pods_CoctailTinder.framework */,
			);
			name = Frameworks;
			sourceTree = "<group>";
		};
		6324CE512609074E00F351E9 /* Cells */ = {
			isa = PBXGroup;
			children = (
				634F5D1E26028AED00EFECD9 /* ListItemCollectionViewCell.swift */,
				637F1EFC27514BEA00DCB21F /* CategoryCollectionViewCell.swift */,
				637F1EFE2751506500DCB21F /* IngredientCollectionViewCell.swift */,
			);
			path = Cells;
			sourceTree = "<group>";
		};
		633325BB25F8398D001B399F /* Classes */ = {
			isa = PBXGroup;
			children = (
				633325B825F83943001B399F /* Ingredient.swift */,
				633325BD25F839A4001B399F /* Cocktail.swift */,
				63F4BEEC274EADAD00E90F93 /* Category.swift */,
			);
			path = Classes;
			sourceTree = "<group>";
		};
		6340B68225F152BC006F7672 = {
			isa = PBXGroup;
			children = (
				6340B68D25F152BC006F7672 /* CoctailTinder */,
				6340B68C25F152BC006F7672 /* Products */,
				8FFE1195C6FD5F640A1F5C51 /* Pods */,
				3D694A01982DCA5B9D2D65DF /* Frameworks */,
			);
			sourceTree = "<group>";
		};
		6340B68C25F152BC006F7672 /* Products */ = {
			isa = PBXGroup;
			children = (
				6340B68B25F152BC006F7672 /* CoctailTinder.app */,
			);
			name = Products;
			sourceTree = "<group>";
		};
		6340B68D25F152BC006F7672 /* CoctailTinder */ = {
			isa = PBXGroup;
			children = (
				639DDDE625F286CF0010CA4A /* Storyboards */,
				639DDDE425F286BF0010CA4A /* Materials */,
				633325BB25F8398D001B399F /* Classes */,
				63F4BEE2274D85C600E90F93 /* Services */,
				634F5D192602873800EFECD9 /* Modules */,
				6340B69C25F152BF006F7672 /* Info.plist */,
			);
			path = CoctailTinder;
			sourceTree = "<group>";
		};
		634F5D172602872700EFECD9 /* CategoryScreen */ = {
			isa = PBXGroup;
			children = (
				634F5D112602870A00EFECD9 /* CategoryViewController.swift */,
				634F5D1B26028ABC00EFECD9 /* ReviewCategoryViewController.swift */,
				637F1F00275192B200DCB21F /* CategoryModel.swift */,
				6324CE512609074E00F351E9 /* Cells */,
			);
			path = CategoryScreen;
			sourceTree = "<group>";
		};
		634F5D192602873800EFECD9 /* Modules */ = {
			isa = PBXGroup;
			children = (
				639DDDE925F286EC0010CA4A /* SwipeScreen */,
				63BB121825FB97300079F279 /* CocktailScreen */,
				634F5D172602872700EFECD9 /* CategoryScreen */,
				63D74B1625F2D4A100503326 /* FavoriteScreen */,
				637F1EFB2750697200DCB21F /* BuyListScreen */,
				636C272825FCE9DF009C9DA3 /* BarScreen */,
				63FC0DA22603EBAF00ADAF67 /* Search */,
			);
			path = Modules;
			sourceTree = "<group>";
		};
		635BDD162751A64500F2CE5E /* Cells */ = {
			isa = PBXGroup;
			children = (
				6319D56225FD071400CB2DD1 /* BarCollectionViewCell.swift */,
			);
			path = Cells;
			sourceTree = "<group>";
		};
		636C272825FCE9DF009C9DA3 /* BarScreen */ = {
			isa = PBXGroup;
			children = (
				636C272225FCE9CD009C9DA3 /* BarViewController.swift */,
				632F83AE25FF6B4B004D9A42 /* AlertIngredientViewController.swift */,
				635BDD162751A64500F2CE5E /* Cells */,
			);
			path = BarScreen;
			sourceTree = "<group>";
		};
		637F1EFA2750694D00DCB21F /* Cells */ = {
			isa = PBXGroup;
			children = (
				633325DD25F92917001B399F /* ItemCollectionViewCell.swift */,
			);
			path = Cells;
			sourceTree = "<group>";
		};
		637F1EFB2750697200DCB21F /* BuyListScreen */ = {
			isa = PBXGroup;
			children = (
				633325D425F922D2001B399F /* BuyListViewController.swift */,
				63F4BEF0274EDE1300E90F93 /* BuyListModel.swift */,
				637F1EFA2750694D00DCB21F /* Cells */,
			);
			path = BuyListScreen;
			sourceTree = "<group>";
		};
		63909F8D2607B25900E3956B /* SettingsView */ = {
			isa = PBXGroup;
			children = (
				63909F872607B20200E3956B /* SettingsFavViewController.swift */,
			);
			path = SettingsView;
			sourceTree = "<group>";
		};
		63909F8E2607B26800E3956B /* Cells */ = {
			isa = PBXGroup;
			children = (
				6319D56525FD0BAD00CB2DD1 /* FavCollectionViewCell.swift */,
				63909F812607AB7000E3956B /* ShortFavCollectionViewCell.swift */,
			);
			path = Cells;
			sourceTree = "<group>";
		};
		639DDDE425F286BF0010CA4A /* Materials */ = {
			isa = PBXGroup;
			children = (
				6340B68E25F152BC006F7672 /* AppDelegate.swift */,
				6340B69025F152BC006F7672 /* SceneDelegate.swift */,
				6340B69725F152BF006F7672 /* Assets.xcassets */,
				639DDDF325F289D00010CA4A /* Extensions.swift */,
				63A0FC6125FA8F4A00E89B32 /* dataModel.xcdatamodeld */,
			);
			path = Materials;
			sourceTree = "<group>";
		};
		639DDDE625F286CF0010CA4A /* Storyboards */ = {
			isa = PBXGroup;
			children = (
				6340B69425F152BC006F7672 /* Main.storyboard */,
				6340B69925F152BF006F7672 /* LaunchScreen.storyboard */,
			);
			path = Storyboards;
			sourceTree = "<group>";
		};
		639DDDE925F286EC0010CA4A /* SwipeScreen */ = {
			isa = PBXGroup;
			children = (
				639DDDEB25F2870C0010CA4A /* SwipeViewController.swift */,
				63F4BEE6274D8CA600E90F93 /* SwipeModel.swift */,
				63F4BEE5274D8C8B00E90F93 /* Cells */,
			);
			path = SwipeScreen;
			sourceTree = "<group>";
		};
		63BB121825FB97300079F279 /* CocktailScreen */ = {
			isa = PBXGroup;
			children = (
				63BB121225FB971B0079F279 /* CocktailViewController.swift */,
				63BB121525FB972A0079F279 /* CocktailModel.swift */,
			);
			path = CocktailScreen;
			sourceTree = "<group>";
		};
		63D74B1625F2D4A100503326 /* FavoriteScreen */ = {
			isa = PBXGroup;
			children = (
				63D74B1325F2D49B00503326 /* FavViewController.swift */,
				63909F842607ACFB00E3956B /* FavModel.swift */,
				63909F8E2607B26800E3956B /* Cells */,
				63909F8D2607B25900E3956B /* SettingsView */,
			);
			path = FavoriteScreen;
			sourceTree = "<group>";
		};
		63F4BEE2274D85C600E90F93 /* Services */ = {
			isa = PBXGroup;
			children = (
				63F4BEE3274D85EA00E90F93 /* Factory.swift */,
				63F4BEE0274D853800E90F93 /* NetworkService.swift */,
				63F4BEE8274E7EE900E90F93 /* CoreDataService.swift */,
				63F4BEEA274E81A100E90F93 /* DataService.swift */,
				63F4BEEE274ECA4900E90F93 /* UIUserService.swift */,
			);
			path = Services;
			sourceTree = "<group>";
		};
		63F4BEE5274D8C8B00E90F93 /* Cells */ = {
			isa = PBXGroup;
			children = (
				633325C325F8FF58001B399F /* IngrCollectionViewCell.swift */,
			);
			path = Cells;
			sourceTree = "<group>";
		};
		63FC0DA22603EBAF00ADAF67 /* Search */ = {
			isa = PBXGroup;
			children = (
				63FC0D9C2603E8E200ADAF67 /* SearchViewController.swift */,
				63FC0D9F2603E8EC00ADAF67 /* SearchModel.swift */,
				63FC0DA42603FF8100ADAF67 /* ItemSearchCollectionViewCell.swift */,
			);
			path = Search;
			sourceTree = "<group>";
		};
		8FFE1195C6FD5F640A1F5C51 /* Pods */ = {
			isa = PBXGroup;
			children = (
				E8BADE432189863B61DCED0B /* Pods-CoctailTinder.debug.xcconfig */,
				9F2F2B1DD27F3ED1E8BD16B2 /* Pods-CoctailTinder.release.xcconfig */,
			);
			path = Pods;
			sourceTree = "<group>";
		};
/* End PBXGroup section */

/* Begin PBXNativeTarget section */
		6340B68A25F152BC006F7672 /* CoctailTinder */ = {
			isa = PBXNativeTarget;
			buildConfigurationList = 6340B69F25F152BF006F7672 /* Build configuration list for PBXNativeTarget "CoctailTinder" */;
			buildPhases = (
				AF367CC495998552F5EDE0E8 /* [CP] Check Pods Manifest.lock */,
				6340B68725F152BC006F7672 /* Sources */,
				6340B68825F152BC006F7672 /* Frameworks */,
				6340B68925F152BC006F7672 /* Resources */,
				15BB836C2DA47E4EFAAB5378 /* [CP] Embed Pods Frameworks */,
			);
			buildRules = (
			);
			dependencies = (
			);
			name = CoctailTinder;
			productName = CoctailTinder;
			productReference = 6340B68B25F152BC006F7672 /* CoctailTinder.app */;
			productType = "com.apple.product-type.application";
		};
/* End PBXNativeTarget section */

/* Begin PBXProject section */
		6340B68325F152BC006F7672 /* Project object */ = {
			isa = PBXProject;
			attributes = {
				LastSwiftUpdateCheck = 1220;
				LastUpgradeCheck = 1220;
				TargetAttributes = {
					6340B68A25F152BC006F7672 = {
						CreatedOnToolsVersion = 12.2;
					};
				};
			};
			buildConfigurationList = 6340B68625F152BC006F7672 /* Build configuration list for PBXProject "CoctailTinder" */;
			compatibilityVersion = "Xcode 9.3";
			developmentRegion = en;
			hasScannedForEncodings = 0;
			knownRegions = (
				en,
				Base,
			);
			mainGroup = 6340B68225F152BC006F7672;
			productRefGroup = 6340B68C25F152BC006F7672 /* Products */;
			projectDirPath = "";
			projectRoot = "";
			targets = (
				6340B68A25F152BC006F7672 /* CoctailTinder */,
			);
		};
/* End PBXProject section */

/* Begin PBXResourcesBuildPhase section */
		6340B68925F152BC006F7672 /* Resources */ = {
			isa = PBXResourcesBuildPhase;
			buildActionMask = 2147483647;
			files = (
				6340B69B25F152BF006F7672 /* LaunchScreen.storyboard in Resources */,
				6340B69825F152BF006F7672 /* Assets.xcassets in Resources */,
				6340B69625F152BC006F7672 /* Main.storyboard in Resources */,
			);
			runOnlyForDeploymentPostprocessing = 0;
		};
/* End PBXResourcesBuildPhase section */

/* Begin PBXShellScriptBuildPhase section */
		15BB836C2DA47E4EFAAB5378 /* [CP] Embed Pods Frameworks */ = {
			isa = PBXShellScriptBuildPhase;
			buildActionMask = 2147483647;
			files = (
			);
			inputFileListPaths = (
				"${PODS_ROOT}/Target Support Files/Pods-CoctailTinder/Pods-CoctailTinder-frameworks-${CONFIGURATION}-input-files.xcfilelist",
			);
			name = "[CP] Embed Pods Frameworks";
			outputFileListPaths = (
				"${PODS_ROOT}/Target Support Files/Pods-CoctailTinder/Pods-CoctailTinder-frameworks-${CONFIGURATION}-output-files.xcfilelist",
			);
			runOnlyForDeploymentPostprocessing = 0;
			shellPath = /bin/sh;
			shellScript = "\"${PODS_ROOT}/Target Support Files/Pods-CoctailTinder/Pods-CoctailTinder-frameworks.sh\"\n";
			showEnvVarsInLog = 0;
		};
		AF367CC495998552F5EDE0E8 /* [CP] Check Pods Manifest.lock */ = {
			isa = PBXShellScriptBuildPhase;
			buildActionMask = 2147483647;
			files = (
			);
			inputFileListPaths = (
			);
			inputPaths = (
				"${PODS_PODFILE_DIR_PATH}/Podfile.lock",
				"${PODS_ROOT}/Manifest.lock",
			);
			name = "[CP] Check Pods Manifest.lock";
			outputFileListPaths = (
			);
			outputPaths = (
				"$(DERIVED_FILE_DIR)/Pods-CoctailTinder-checkManifestLockResult.txt",
			);
			runOnlyForDeploymentPostprocessing = 0;
			shellPath = /bin/sh;
			shellScript = "diff \"${PODS_PODFILE_DIR_PATH}/Podfile.lock\" \"${PODS_ROOT}/Manifest.lock\" > /dev/null\nif [ $? != 0 ] ; then\n    # print error to STDERR\n    echo \"error: The sandbox is not in sync with the Podfile.lock. Run 'pod install' or update your CocoaPods installation.\" >&2\n    exit 1\nfi\n# This output is used by Xcode 'outputs' to avoid re-running this script phase.\necho \"SUCCESS\" > \"${SCRIPT_OUTPUT_FILE_0}\"\n";
			showEnvVarsInLog = 0;
		};
/* End PBXShellScriptBuildPhase section */

/* Begin PBXSourcesBuildPhase section */
		6340B68725F152BC006F7672 /* Sources */ = {
			isa = PBXSourcesBuildPhase;
			buildActionMask = 2147483647;
			files = (
				63BB121325FB971B0079F279 /* CocktailViewController.swift in Sources */,
				633325DE25F92917001B399F /* ItemCollectionViewCell.swift in Sources */,
				6319D56325FD071400CB2DD1 /* BarCollectionViewCell.swift in Sources */,
				633325B925F83944001B399F /* Ingredient.swift in Sources */,
				63FC0DA02603E8EC00ADAF67 /* SearchModel.swift in Sources */,
				63909F882607B20200E3956B /* SettingsFavViewController.swift in Sources */,
				636C272325FCE9CD009C9DA3 /* BarViewController.swift in Sources */,
				639DDDF425F289D00010CA4A /* Extensions.swift in Sources */,
				63FC0DA52603FF8100ADAF67 /* ItemSearchCollectionViewCell.swift in Sources */,
				63FC0D9D2603E8E200ADAF67 /* SearchViewController.swift in Sources */,
				63D74B1425F2D49B00503326 /* FavViewController.swift in Sources */,
				633325D525F922D2001B399F /* BuyListViewController.swift in Sources */,
				637F1EFD27514BEA00DCB21F /* CategoryCollectionViewCell.swift in Sources */,
				637F1F01275192B200DCB21F /* CategoryModel.swift in Sources */,
				6319D56625FD0BAD00CB2DD1 /* FavCollectionViewCell.swift in Sources */,
				63F4BEF1274EDE1400E90F93 /* BuyListModel.swift in Sources */,
				63F4BEE1274D853800E90F93 /* NetworkService.swift in Sources */,
				63F4BEEF274ECA4900E90F93 /* UIUserService.swift in Sources */,
				6340B68F25F152BC006F7672 /* AppDelegate.swift in Sources */,
				633325BE25F839A4001B399F /* Cocktail.swift in Sources */,
				6340B69125F152BC006F7672 /* SceneDelegate.swift in Sources */,
				634F5D122602870A00EFECD9 /* CategoryViewController.swift in Sources */,
				63909F852607ACFB00E3956B /* FavModel.swift in Sources */,
				63F4BEEB274E81A100E90F93 /* DataService.swift in Sources */,
				63BB121625FB972A0079F279 /* CocktailModel.swift in Sources */,
				63F4BEE7274D8CA600E90F93 /* SwipeModel.swift in Sources */,
				63A0FC6325FA8F4A00E89B32 /* dataModel.xcdatamodeld in Sources */,
				63909F822607AB7000E3956B /* ShortFavCollectionViewCell.swift in Sources */,
				639DDDEC25F2870C0010CA4A /* SwipeViewController.swift in Sources */,
				63F4BEE9274E7EE900E90F93 /* CoreDataService.swift in Sources */,
				634F5D1F26028AED00EFECD9 /* ListItemCollectionViewCell.swift in Sources */,
				63F4BEE4274D85EA00E90F93 /* Factory.swift in Sources */,
				63F4BEED274EADAD00E90F93 /* Category.swift in Sources */,
				633325C425F8FF58001B399F /* IngrCollectionViewCell.swift in Sources */,
				632F83AF25FF6B4B004D9A42 /* AlertIngredientViewController.swift in Sources */,
				637F1EFF2751506500DCB21F /* IngredientCollectionViewCell.swift in Sources */,
				634F5D1C26028ABC00EFECD9 /* ReviewCategoryViewController.swift in Sources */,
			);
			runOnlyForDeploymentPostprocessing = 0;
		};
/* End PBXSourcesBuildPhase section */

/* Begin PBXVariantGroup section */
		6340B69425F152BC006F7672 /* Main.storyboard */ = {
			isa = PBXVariantGroup;
			children = (
				6340B69525F152BC006F7672 /* Base */,
			);
			name = Main.storyboard;
			sourceTree = "<group>";
		};
		6340B69925F152BF006F7672 /* LaunchScreen.storyboard */ = {
			isa = PBXVariantGroup;
			children = (
				6340B69A25F152BF006F7672 /* Base */,
			);
			name = LaunchScreen.storyboard;
			sourceTree = "<group>";
		};
/* End PBXVariantGroup section */

/* Begin XCBuildConfiguration section */
		6340B69D25F152BF006F7672 /* Debug */ = {
			isa = XCBuildConfiguration;
			buildSettings = {
				ALWAYS_SEARCH_USER_PATHS = NO;
				CLANG_ANALYZER_NONNULL = YES;
				CLANG_ANALYZER_NUMBER_OBJECT_CONVERSION = YES_AGGRESSIVE;
				CLANG_CXX_LANGUAGE_STANDARD = "gnu++14";
				CLANG_CXX_LIBRARY = "libc++";
				CLANG_ENABLE_MODULES = YES;
				CLANG_ENABLE_OBJC_ARC = YES;
				CLANG_ENABLE_OBJC_WEAK = YES;
				CLANG_WARN_BLOCK_CAPTURE_AUTORELEASING = YES;
				CLANG_WARN_BOOL_CONVERSION = YES;
				CLANG_WARN_COMMA = YES;
				CLANG_WARN_CONSTANT_CONVERSION = YES;
				CLANG_WARN_DEPRECATED_OBJC_IMPLEMENTATIONS = YES;
				CLANG_WARN_DIRECT_OBJC_ISA_USAGE = YES_ERROR;
				CLANG_WARN_DOCUMENTATION_COMMENTS = YES;
				CLANG_WARN_EMPTY_BODY = YES;
				CLANG_WARN_ENUM_CONVERSION = YES;
				CLANG_WARN_INFINITE_RECURSION = YES;
				CLANG_WARN_INT_CONVERSION = YES;
				CLANG_WARN_NON_LITERAL_NULL_CONVERSION = YES;
				CLANG_WARN_OBJC_IMPLICIT_RETAIN_SELF = YES;
				CLANG_WARN_OBJC_LITERAL_CONVERSION = YES;
				CLANG_WARN_OBJC_ROOT_CLASS = YES_ERROR;
				CLANG_WARN_QUOTED_INCLUDE_IN_FRAMEWORK_HEADER = YES;
				CLANG_WARN_RANGE_LOOP_ANALYSIS = YES;
				CLANG_WARN_STRICT_PROTOTYPES = YES;
				CLANG_WARN_SUSPICIOUS_MOVE = YES;
				CLANG_WARN_UNGUARDED_AVAILABILITY = YES_AGGRESSIVE;
				CLANG_WARN_UNREACHABLE_CODE = YES;
				CLANG_WARN__DUPLICATE_METHOD_MATCH = YES;
				COPY_PHASE_STRIP = NO;
				DEBUG_INFORMATION_FORMAT = dwarf;
				ENABLE_STRICT_OBJC_MSGSEND = YES;
				ENABLE_TESTABILITY = YES;
				GCC_C_LANGUAGE_STANDARD = gnu11;
				GCC_DYNAMIC_NO_PIC = NO;
				GCC_NO_COMMON_BLOCKS = YES;
				GCC_OPTIMIZATION_LEVEL = 0;
				GCC_PREPROCESSOR_DEFINITIONS = (
					"DEBUG=1",
					"$(inherited)",
				);
				GCC_WARN_64_TO_32_BIT_CONVERSION = YES;
				GCC_WARN_ABOUT_RETURN_TYPE = YES_ERROR;
				GCC_WARN_UNDECLARED_SELECTOR = YES;
				GCC_WARN_UNINITIALIZED_AUTOS = YES_AGGRESSIVE;
				GCC_WARN_UNUSED_FUNCTION = YES;
				GCC_WARN_UNUSED_VARIABLE = YES;
				IPHONEOS_DEPLOYMENT_TARGET = 14.2;
				MTL_ENABLE_DEBUG_INFO = INCLUDE_SOURCE;
				MTL_FAST_MATH = YES;
				ONLY_ACTIVE_ARCH = YES;
				SDKROOT = iphoneos;
				SWIFT_ACTIVE_COMPILATION_CONDITIONS = DEBUG;
				SWIFT_OPTIMIZATION_LEVEL = "-Onone";
			};
			name = Debug;
		};
		6340B69E25F152BF006F7672 /* Release */ = {
			isa = XCBuildConfiguration;
			buildSettings = {
				ALWAYS_SEARCH_USER_PATHS = NO;
				CLANG_ANALYZER_NONNULL = YES;
				CLANG_ANALYZER_NUMBER_OBJECT_CONVERSION = YES_AGGRESSIVE;
				CLANG_CXX_LANGUAGE_STANDARD = "gnu++14";
				CLANG_CXX_LIBRARY = "libc++";
				CLANG_ENABLE_MODULES = YES;
				CLANG_ENABLE_OBJC_ARC = YES;
				CLANG_ENABLE_OBJC_WEAK = YES;
				CLANG_WARN_BLOCK_CAPTURE_AUTORELEASING = YES;
				CLANG_WARN_BOOL_CONVERSION = YES;
				CLANG_WARN_COMMA = YES;
				CLANG_WARN_CONSTANT_CONVERSION = YES;
				CLANG_WARN_DEPRECATED_OBJC_IMPLEMENTATIONS = YES;
				CLANG_WARN_DIRECT_OBJC_ISA_USAGE = YES_ERROR;
				CLANG_WARN_DOCUMENTATION_COMMENTS = YES;
				CLANG_WARN_EMPTY_BODY = YES;
				CLANG_WARN_ENUM_CONVERSION = YES;
				CLANG_WARN_INFINITE_RECURSION = YES;
				CLANG_WARN_INT_CONVERSION = YES;
				CLANG_WARN_NON_LITERAL_NULL_CONVERSION = YES;
				CLANG_WARN_OBJC_IMPLICIT_RETAIN_SELF = YES;
				CLANG_WARN_OBJC_LITERAL_CONVERSION = YES;
				CLANG_WARN_OBJC_ROOT_CLASS = YES_ERROR;
				CLANG_WARN_QUOTED_INCLUDE_IN_FRAMEWORK_HEADER = YES;
				CLANG_WARN_RANGE_LOOP_ANALYSIS = YES;
				CLANG_WARN_STRICT_PROTOTYPES = YES;
				CLANG_WARN_SUSPICIOUS_MOVE = YES;
				CLANG_WARN_UNGUARDED_AVAILABILITY = YES_AGGRESSIVE;
				CLANG_WARN_UNREACHABLE_CODE = YES;
				CLANG_WARN__DUPLICATE_METHOD_MATCH = YES;
				COPY_PHASE_STRIP = NO;
				DEBUG_INFORMATION_FORMAT = "dwarf-with-dsym";
				ENABLE_NS_ASSERTIONS = NO;
				ENABLE_STRICT_OBJC_MSGSEND = YES;
				GCC_C_LANGUAGE_STANDARD = gnu11;
				GCC_NO_COMMON_BLOCKS = YES;
				GCC_WARN_64_TO_32_BIT_CONVERSION = YES;
				GCC_WARN_ABOUT_RETURN_TYPE = YES_ERROR;
				GCC_WARN_UNDECLARED_SELECTOR = YES;
				GCC_WARN_UNINITIALIZED_AUTOS = YES_AGGRESSIVE;
				GCC_WARN_UNUSED_FUNCTION = YES;
				GCC_WARN_UNUSED_VARIABLE = YES;
				IPHONEOS_DEPLOYMENT_TARGET = 14.2;
				MTL_ENABLE_DEBUG_INFO = NO;
				MTL_FAST_MATH = YES;
				SDKROOT = iphoneos;
				SWIFT_COMPILATION_MODE = wholemodule;
				SWIFT_OPTIMIZATION_LEVEL = "-O";
				VALIDATE_PRODUCT = YES;
			};
			name = Release;
		};
		6340B6A025F152BF006F7672 /* Debug */ = {
			isa = XCBuildConfiguration;
			baseConfigurationReference = E8BADE432189863B61DCED0B /* Pods-CoctailTinder.debug.xcconfig */;
			buildSettings = {
				ASSETCATALOG_COMPILER_APPICON_NAME = AppIcon;
				ASSETCATALOG_COMPILER_GLOBAL_ACCENT_COLOR_NAME = AccentColor;
				CODE_SIGN_STYLE = Automatic;
				DEVELOPMENT_TEAM = D97HLWHSV2;
				INFOPLIST_FILE = CoctailTinder/Info.plist;
				LD_RUNPATH_SEARCH_PATHS = (
					"$(inherited)",
					"@executable_path/Frameworks",
				);
				MARKETING_VERSION = 1.2;
				PRODUCT_BUNDLE_IDENTIFIER = popizdead.CoctailTinder;
				PRODUCT_NAME = "$(TARGET_NAME)";
				SWIFT_VERSION = 5.0;
				TARGETED_DEVICE_FAMILY = 1;
			};
			name = Debug;
		};
		6340B6A125F152BF006F7672 /* Release */ = {
			isa = XCBuildConfiguration;
			baseConfigurationReference = 9F2F2B1DD27F3ED1E8BD16B2 /* Pods-CoctailTinder.release.xcconfig */;
			buildSettings = {
				ASSETCATALOG_COMPILER_APPICON_NAME = AppIcon;
				ASSETCATALOG_COMPILER_GLOBAL_ACCENT_COLOR_NAME = AccentColor;
				CODE_SIGN_STYLE = Automatic;
				DEVELOPMENT_TEAM = D97HLWHSV2;
				INFOPLIST_FILE = CoctailTinder/Info.plist;
				LD_RUNPATH_SEARCH_PATHS = (
					"$(inherited)",
					"@executable_path/Frameworks",
				);
				MARKETING_VERSION = 1.2;
				PRODUCT_BUNDLE_IDENTIFIER = popizdead.CoctailTinder;
				PRODUCT_NAME = "$(TARGET_NAME)";
				SWIFT_VERSION = 5.0;
				TARGETED_DEVICE_FAMILY = 1;
			};
			name = Release;
		};
/* End XCBuildConfiguration section */

/* Begin XCConfigurationList section */
		6340B68625F152BC006F7672 /* Build configuration list for PBXProject "CoctailTinder" */ = {
			isa = XCConfigurationList;
			buildConfigurations = (
				6340B69D25F152BF006F7672 /* Debug */,
				6340B69E25F152BF006F7672 /* Release */,
			);
			defaultConfigurationIsVisible = 0;
			defaultConfigurationName = Release;
		};
		6340B69F25F152BF006F7672 /* Build configuration list for PBXNativeTarget "CoctailTinder" */ = {
			isa = XCConfigurationList;
			buildConfigurations = (
				6340B6A025F152BF006F7672 /* Debug */,
				6340B6A125F152BF006F7672 /* Release */,
			);
			defaultConfigurationIsVisible = 0;
			defaultConfigurationName = Release;
		};
/* End XCConfigurationList section */

/* Begin XCVersionGroup section */
		63A0FC6125FA8F4A00E89B32 /* dataModel.xcdatamodeld */ = {
			isa = XCVersionGroup;
			children = (
				63A0FC6225FA8F4A00E89B32 /* dataModel.xcdatamodel */,
			);
			currentVersion = 63A0FC6225FA8F4A00E89B32 /* dataModel.xcdatamodel */;
			path = dataModel.xcdatamodeld;
			sourceTree = "<group>";
			versionGroupType = wrapper.xcdatamodel;
		};
/* End XCVersionGroup section */
	};
	rootObject = 6340B68325F152BC006F7672 /* Project object */;
}
